// !$*UTF8*$!
{
	archiveVersion = 1;
	classes = {
	};
	objectVersion = 46;
	objects = {

/* Begin PBXBuildFile section */
		00748058165D41390024B57A /* assets in Resources */ = {isa = PBXBuildFile; fileRef = 00748057165D41390024B57A /* assets */; };
		00CFDF6B1138442D0091E310 /* CoreGraphics.framework in Frameworks */ = {isa = PBXBuildFile; fileRef = 00CFDF6A1138442D0091E310 /* CoreGraphics.framework */; };
		1D60589F0D05DD5A006BFB54 /* Foundation.framework in Frameworks */ = {isa = PBXBuildFile; fileRef = 1D30AB110D05D00D00671497 /* Foundation.framework */; };
		1DF5F4E00D08C38300B7A737 /* UIKit.framework in Frameworks */ = {isa = PBXBuildFile; fileRef = 1DF5F4DF0D08C38300B7A737 /* UIKit.framework */; };
		28FD15000DC6FC520079059D /* OpenGLES.framework in Frameworks */ = {isa = PBXBuildFile; fileRef = 28FD14FF0DC6FC520079059D /* OpenGLES.framework */; };
		472681E120CCFCCF00CE1BE0 /* GameCenter.mm in Sources */ = {isa = PBXBuildFile; fileRef = 472681E020CCFCCF00CE1BE0 /* GameCenter.mm */; };
		472681E320CCFEC500CE1BE0 /* GameKit.framework in Frameworks */ = {isa = PBXBuildFile; fileRef = 472681E220CCFEC500CE1BE0 /* GameKit.framework */; };
		472CB8DC20FD9711007481E6 /* DCInAppPurchase.mm in Sources */ = {isa = PBXBuildFile; fileRef = 472CB8DA20FD9711007481E6 /* DCInAppPurchase.mm */; };
		472CB8DD20FD9711007481E6 /* PurchaseDelegate.mm in Sources */ = {isa = PBXBuildFile; fileRef = 472CB8DB20FD9711007481E6 /* PurchaseDelegate.mm */; };
		472CB8DF20FD9723007481E6 /* StoreKit.framework in Frameworks */ = {isa = PBXBuildFile; fileRef = 472CB8DE20FD9723007481E6 /* StoreKit.framework */; };
		479022C621608C43000B47A6 /* OsMac.mm in Sources */ = {isa = PBXBuildFile; fileRef = 479022C521608C43000B47A6 /* OsMac.mm */; };
		4796585A2160EB46005C22F9 /* InfoPlist.strings in Resources */ = {isa = PBXBuildFile; fileRef = 479658582160EB46005C22F9 /* InfoPlist.strings */; };
		479658602160EB65005C22F9 /* Localizable.strings in Resources */ = {isa = PBXBuildFile; fileRef = 4796585E2160EB64005C22F9 /* Localizable.strings */; };
		47A6E5562045C4C200AC0CA3 /* TextCodec.cpp in Sources */ = {isa = PBXBuildFile; fileRef = 47A6E5552045C4C200AC0CA3 /* TextCodec.cpp */; };
		47A8AD59218453B100F25EF6 /* SafeArea.mm in Sources */ = {isa = PBXBuildFile; fileRef = 47A8AD58218453B100F25EF6 /* SafeArea.mm */; };
		47E3D938203F20CD00275D6D /* AudioSession.mm in Sources */ = {isa = PBXBuildFile; fileRef = 47E3D937203F20CD00275D6D /* AudioSession.mm */; };
		47E3D939203F210300275D6D /* AudioToolbox.framework in Frameworks */ = {isa = PBXBuildFile; fileRef = C7FB19D5124BC0D70045AFD2 /* AudioToolbox.framework */; };
		47E3D93B203F213100275D6D /* QuartzCore.framework in Frameworks */ = {isa = PBXBuildFile; fileRef = 28FD15070DC6FC5B0079059D /* QuartzCore.framework */; };
		47E3D93C203F214100275D6D /* MobileCoreServices.framework in Frameworks */ = {isa = PBXBuildFile; fileRef = DDDDDF6A1138442D0091DDDD /* MobileCoreServices.framework */; };
		47E542862003933D0002BD5F /* Framework.cpp in Sources */ = {isa = PBXBuildFile; fileRef = 47E542842003933D0002BD5F /* Framework.cpp */; };
		47E542872003933D0002BD5F /* MyApp.cpp in Sources */ = {isa = PBXBuildFile; fileRef = 47E542852003933D0002BD5F /* MyApp.cpp */; };
		47EF72E32043BEF8002900CF /* Share.mm in Sources */ = {isa = PBXBuildFile; fileRef = 47EF72E22043BEF8002900CF /* Share.mm */; };
		47EF72E82043C1C0002900CF /* Social.framework in Frameworks */ = {isa = PBXBuildFile; fileRef = 47EF72E72043C1C0002900CF /* Social.framework */; };
		47EF72E92043D0AF002900CF /* Accelerate.framework in Frameworks */ = {isa = PBXBuildFile; fileRef = 00A66A351965AC8800B17EB3 /* Accelerate.framework */; };
		47EF72EB2043D228002900CF /* Capture.mm in Sources */ = {isa = PBXBuildFile; fileRef = 47EF72EA2043D228002900CF /* Capture.mm */; };
		4A87E5FC4BF545F684E4E5FE /* LaunchScreen.xib in Resources */ = {isa = PBXBuildFile; fileRef = 257B6E3315A4490FA0602ED1 /* LaunchScreen.xib */; };
		8FA538F2FD744747970E9EF1 /* Images.xcassets in Resources */ = {isa = PBXBuildFile; fileRef = D9BFC250AE1146EB97135C4B /* Images.xcassets */; };
		C725E001121DAC8F00FA186B /* AVFoundation.framework in Frameworks */ = {isa = PBXBuildFile; fileRef = C725E000121DAC8F00FA186B /* AVFoundation.framework */; settings = {ATTRIBUTES = (Weak, ); }; };
		C725E001121DAC8FFFFA18FF /* ImageIO.framework in Frameworks */ = {isa = PBXBuildFile; fileRef = 00CFDF6A1138442D0091FFFF /* ImageIO.framework */; };
/* End PBXBuildFile section */

/* Begin PBXFileReference section */
		00692BCF14FF149000D0A05E /* PuzzleMonarch.app */ = {isa = PBXFileReference; explicitFileType = wrapper.application; includeInIndex = 0; path = PuzzleMonarch.app; sourceTree = BUILT_PRODUCTS_DIR; };
		00748057165D41390024B57A /* assets */ = {isa = PBXFileReference; lastKnownFileType = folder; name = assets; path = ../assets; sourceTree = "<group>"; };
		0087D25412CD809F002CD69F /* CoreText.framework */ = {isa = PBXFileReference; lastKnownFileType = wrapper.framework; name = CoreText.framework; path = System/Library/Frameworks/CoreText.framework; sourceTree = SDKROOT; };
		00A66A351965AC8800B17EB3 /* Accelerate.framework */ = {isa = PBXFileReference; lastKnownFileType = wrapper.framework; name = Accelerate.framework; path = System/Library/Frameworks/Accelerate.framework; sourceTree = SDKROOT; };
		00CFDF6A1138442D0091E310 /* CoreGraphics.framework */ = {isa = PBXFileReference; lastKnownFileType = wrapper.framework; name = CoreGraphics.framework; path = System/Library/Frameworks/CoreGraphics.framework; sourceTree = SDKROOT; };
		00CFDF6A1138442D0091FFFF /* ImageIO.framework */ = {isa = PBXFileReference; lastKnownFileType = wrapper.framework; name = ImageIO.framework; path = System/Library/Frameworks/ImageIO.framework; sourceTree = SDKROOT; };
		1D30AB110D05D00D00671497 /* Foundation.framework */ = {isa = PBXFileReference; lastKnownFileType = wrapper.framework; name = Foundation.framework; path = System/Library/Frameworks/Foundation.framework; sourceTree = SDKROOT; };
		1DF5F4DF0D08C38300B7A737 /* UIKit.framework */ = {isa = PBXFileReference; lastKnownFileType = wrapper.framework; name = UIKit.framework; path = System/Library/Frameworks/UIKit.framework; sourceTree = SDKROOT; };
		257B6E3315A4490FA0602ED1 /* LaunchScreen.xib */ = {isa = PBXFileReference; lastKnownFileType = "\"\""; path = LaunchScreen.xib; sourceTree = "<group>"; };
		28FD14FF0DC6FC520079059D /* OpenGLES.framework */ = {isa = PBXFileReference; lastKnownFileType = wrapper.framework; name = OpenGLES.framework; path = System/Library/Frameworks/OpenGLES.framework; sourceTree = SDKROOT; };
		28FD15070DC6FC5B0079059D /* QuartzCore.framework */ = {isa = PBXFileReference; lastKnownFileType = wrapper.framework; name = QuartzCore.framework; path = System/Library/Frameworks/QuartzCore.framework; sourceTree = SDKROOT; };
		472681E020CCFCCF00CE1BE0 /* GameCenter.mm */ = {isa = PBXFileReference; fileEncoding = 4; lastKnownFileType = sourcecode.cpp.objcpp; name = GameCenter.mm; path = ../src/GameCenter.mm; sourceTree = "<group>"; };
		472681E220CCFEC500CE1BE0 /* GameKit.framework */ = {isa = PBXFileReference; lastKnownFileType = wrapper.framework; name = GameKit.framework; path = System/Library/Frameworks/GameKit.framework; sourceTree = SDKROOT; };
		472CB8DA20FD9711007481E6 /* DCInAppPurchase.mm */ = {isa = PBXFileReference; fileEncoding = 4; lastKnownFileType = sourcecode.cpp.objcpp; name = DCInAppPurchase.mm; path = ../src/DCInAppPurchase.mm; sourceTree = "<group>"; };
		472CB8DB20FD9711007481E6 /* PurchaseDelegate.mm */ = {isa = PBXFileReference; fileEncoding = 4; lastKnownFileType = sourcecode.cpp.objcpp; name = PurchaseDelegate.mm; path = ../src/PurchaseDelegate.mm; sourceTree = "<group>"; };
		472CB8DE20FD9723007481E6 /* StoreKit.framework */ = {isa = PBXFileReference; lastKnownFileType = wrapper.framework; name = StoreKit.framework; path = System/Library/Frameworks/StoreKit.framework; sourceTree = SDKROOT; };
		479022C521608C43000B47A6 /* OsMac.mm */ = {isa = PBXFileReference; fileEncoding = 4; lastKnownFileType = sourcecode.cpp.objcpp; name = OsMac.mm; path = ../src/OsMac.mm; sourceTree = "<group>"; };
		479658592160EB46005C22F9 /* en */ = {isa = PBXFileReference; lastKnownFileType = text.plist.strings; name = en; path = ../resources/en.lproj/InfoPlist.strings; sourceTree = "<group>"; };
		4796585B2160EB4E005C22F9 /* ja */ = {isa = PBXFileReference; lastKnownFileType = text.plist.strings; name = ja; path = ../resources/ja.lproj/InfoPlist.strings; sourceTree = "<group>"; };
		4796585F2160EB64005C22F9 /* en */ = {isa = PBXFileReference; lastKnownFileType = text.plist.strings; name = en; path = ../resources/en.lproj/Localizable.strings; sourceTree = "<group>"; };
		479658612160EB6B005C22F9 /* ja */ = {isa = PBXFileReference; lastKnownFileType = text.plist.strings; name = ja; path = ../resources/ja.lproj/Localizable.strings; sourceTree = "<group>"; };
		47A6E5552045C4C200AC0CA3 /* TextCodec.cpp */ = {isa = PBXFileReference; fileEncoding = 4; lastKnownFileType = sourcecode.cpp.cpp; name = TextCodec.cpp; path = ../src/TextCodec.cpp; sourceTree = "<group>"; };
		47A8AD58218453B100F25EF6 /* SafeArea.mm */ = {isa = PBXFileReference; fileEncoding = 4; lastKnownFileType = sourcecode.cpp.objcpp; name = SafeArea.mm; path = ../src/SafeArea.mm; sourceTree = "<group>"; };
		47E3D937203F20CD00275D6D /* AudioSession.mm */ = {isa = PBXFileReference; fileEncoding = 4; lastKnownFileType = sourcecode.cpp.objcpp; name = AudioSession.mm; path = ../src/AudioSession.mm; sourceTree = "<group>"; };
		47E542842003933D0002BD5F /* Framework.cpp */ = {isa = PBXFileReference; fileEncoding = 4; lastKnownFileType = sourcecode.cpp.cpp; name = Framework.cpp; path = ../src/Framework.cpp; sourceTree = "<group>"; };
		47E542852003933D0002BD5F /* MyApp.cpp */ = {isa = PBXFileReference; fileEncoding = 4; lastKnownFileType = sourcecode.cpp.cpp; name = MyApp.cpp; path = ../src/MyApp.cpp; sourceTree = "<group>"; };
		47EF72E22043BEF8002900CF /* Share.mm */ = {isa = PBXFileReference; fileEncoding = 4; lastKnownFileType = sourcecode.cpp.objcpp; name = Share.mm; path = ../src/Share.mm; sourceTree = "<group>"; };
		47EF72E72043C1C0002900CF /* Social.framework */ = {isa = PBXFileReference; lastKnownFileType = wrapper.framework; name = Social.framework; path = System/Library/Frameworks/Social.framework; sourceTree = SDKROOT; };
		47EF72EA2043D228002900CF /* Capture.mm */ = {isa = PBXFileReference; fileEncoding = 4; lastKnownFileType = sourcecode.cpp.objcpp; name = Capture.mm; path = ../src/Capture.mm; sourceTree = "<group>"; };
		4F061B89F5B245658DFC98A3 /* Info.plist */ = {isa = PBXFileReference; lastKnownFileType = text.plist.xml; path = Info.plist; sourceTree = "<group>"; };
		5820392EF46148AA877B309D /* Resources.h */ = {isa = PBXFileReference; lastKnownFileType = sourcecode.c.h; name = Resources.h; path = ../include/Resources.h; sourceTree = "<group>"; };
		5F4060D6FC194D6D97ABF703 /* PuzzleMonarch_Prefix.pch */ = {isa = PBXFileReference; lastKnownFileType = sourcecode.c.h; path = PuzzleMonarch_Prefix.pch; sourceTree = "<group>"; };
		C725E000121DAC8F00FA186B /* AVFoundation.framework */ = {isa = PBXFileReference; lastKnownFileType = wrapper.framework; name = AVFoundation.framework; path = System/Library/Frameworks/AVFoundation.framework; sourceTree = SDKROOT; };
		C727C02B121B400300192073 /* CoreMedia.framework */ = {isa = PBXFileReference; lastKnownFileType = wrapper.framework; name = CoreMedia.framework; path = System/Library/Frameworks/CoreMedia.framework; sourceTree = SDKROOT; };
		C727C02D121B400300192073 /* CoreVideo.framework */ = {isa = PBXFileReference; lastKnownFileType = wrapper.framework; name = CoreVideo.framework; path = System/Library/Frameworks/CoreVideo.framework; sourceTree = SDKROOT; };
		C7FB19D5124BC0D70045AFD2 /* AudioToolbox.framework */ = {isa = PBXFileReference; lastKnownFileType = wrapper.framework; name = AudioToolbox.framework; path = System/Library/Frameworks/AudioToolbox.framework; sourceTree = SDKROOT; };
		D9BFC250AE1146EB97135C4B /* Images.xcassets */ = {isa = PBXFileReference; lastKnownFileType = "\"\""; path = Images.xcassets; sourceTree = "<group>"; };
		DDDDDF6A1138442D0091DDDD /* MobileCoreServices.framework */ = {isa = PBXFileReference; lastKnownFileType = wrapper.framework; name = MobileCoreServices.framework; path = System/Library/Frameworks/MobileCoreServices.framework; sourceTree = SDKROOT; };
/* End PBXFileReference section */

/* Begin PBXFrameworksBuildPhase section */
		00692BCC14FF149000D0A05E /* Frameworks */ = {
			isa = PBXFrameworksBuildPhase;
			buildActionMask = 2147483647;
			files = (
				472681E320CCFEC500CE1BE0 /* GameKit.framework in Frameworks */,
				47EF72E82043C1C0002900CF /* Social.framework in Frameworks */,
				47EF72E92043D0AF002900CF /* Accelerate.framework in Frameworks */,
				C725E001121DAC8F00FA186B /* AVFoundation.framework in Frameworks */,
				C725E001121DAC8FFFFA18FF /* ImageIO.framework in Frameworks */,
				47E3D93B203F213100275D6D /* QuartzCore.framework in Frameworks */,
				1D60589F0D05DD5A006BFB54 /* Foundation.framework in Frameworks */,
				47E3D939203F210300275D6D /* AudioToolbox.framework in Frameworks */,
				1DF5F4E00D08C38300B7A737 /* UIKit.framework in Frameworks */,
				28FD15000DC6FC520079059D /* OpenGLES.framework in Frameworks */,
				00CFDF6B1138442D0091E310 /* CoreGraphics.framework in Frameworks */,
				472CB8DF20FD9723007481E6 /* StoreKit.framework in Frameworks */,
				47E3D93C203F214100275D6D /* MobileCoreServices.framework in Frameworks */,
			);
			runOnlyForDeploymentPostprocessing = 0;
		};
/* End PBXFrameworksBuildPhase section */

/* Begin PBXGroup section */
		00692BC414FF149000D0A05E = {
			isa = PBXGroup;
			children = (
				99692BD914FF149000DFFFFF /* Blocks */,
				99692BD914FF149000D0A05F /* Headers */,
				00692BD914FF149000D0A05E /* Source */,
				00692BD914FF149000D0FFFF /* Resources */,
				00692BD214FF149000D0A05E /* Frameworks */,
				00692BD014FF149000D0A05E /* Products */,
			);
			sourceTree = "<group>";
		};
		00692BD014FF149000D0A05E /* Products */ = {
			isa = PBXGroup;
			children = (
				00692BCF14FF149000D0A05E /* PuzzleMonarch.app */,
			);
			name = Products;
			sourceTree = "<group>";
		};
		00692BD214FF149000D0A05E /* Frameworks */ = {
			isa = PBXGroup;
			children = (
				472CB8DE20FD9723007481E6 /* StoreKit.framework */,
				472681E220CCFEC500CE1BE0 /* GameKit.framework */,
				47EF72E72043C1C0002900CF /* Social.framework */,
				C7FB19D5124BC0D70045AFD2 /* AudioToolbox.framework */,
				00A66A351965AC8800B17EB3 /* Accelerate.framework */,
				C727C02B121B400300192073 /* CoreMedia.framework */,
				C727C02D121B400300192073 /* CoreVideo.framework */,
				28FD15070DC6FC5B0079059D /* QuartzCore.framework */,
				28FD14FF0DC6FC520079059D /* OpenGLES.framework */,
				1DF5F4DF0D08C38300B7A737 /* UIKit.framework */,
				1D30AB110D05D00D00671497 /* Foundation.framework */,
				00CFDF6A1138442D0091E310 /* CoreGraphics.framework */,
				00CFDF6A1138442D0091FFFF /* ImageIO.framework */,
				DDDDDF6A1138442D0091DDDD /* MobileCoreServices.framework */,
				C725E000121DAC8F00FA186B /* AVFoundation.framework */,
				0087D25412CD809F002CD69F /* CoreText.framework */,
			);
			name = Frameworks;
			sourceTree = "<group>";
		};
		00692BD914FF149000D0A05E /* Source */ = {
			isa = PBXGroup;
			children = (
				479022C521608C43000B47A6 /* OsMac.mm */,
				472CB8DA20FD9711007481E6 /* DCInAppPurchase.mm */,
				472CB8DB20FD9711007481E6 /* PurchaseDelegate.mm */,
				472681E020CCFCCF00CE1BE0 /* GameCenter.mm */,
				47A6E5552045C4C200AC0CA3 /* TextCodec.cpp */,
				47EF72EA2043D228002900CF /* Capture.mm */,
				47EF72E22043BEF8002900CF /* Share.mm */,
				47E3D937203F20CD00275D6D /* AudioSession.mm */,
				47A8AD58218453B100F25EF6 /* SafeArea.mm */,
				47E542842003933D0002BD5F /* Framework.cpp */,
				47E542852003933D0002BD5F /* MyApp.cpp */,
			);
			name = Source;
			sourceTree = "<group>";
		};
		00692BD914FF149000D0FFFF /* Resources */ = {
			isa = PBXGroup;
			children = (
				00748057165D41390024B57A /* assets */,
				D9BFC250AE1146EB97135C4B /* Images.xcassets */,
				257B6E3315A4490FA0602ED1 /* LaunchScreen.xib */,
				4796585E2160EB64005C22F9 /* Localizable.strings */,
				479658582160EB46005C22F9 /* InfoPlist.strings */,
				4F061B89F5B245658DFC98A3 /* Info.plist */,
			);
			name = Resources;
			sourceTree = "<group>";
		};
		99692BD914FF149000D0A05F /* Headers */ = {
			isa = PBXGroup;
			children = (
				5820392EF46148AA877B309D /* Resources.h */,
				5F4060D6FC194D6D97ABF703 /* PuzzleMonarch_Prefix.pch */,
			);
			name = Headers;
			sourceTree = "<group>";
		};
		99692BD914FF149000DFFFFF /* Blocks */ = {
			isa = PBXGroup;
			children = (
			);
			name = Blocks;
			sourceTree = "<group>";
		};
/* End PBXGroup section */

/* Begin PBXNativeTarget section */
		00692BCE14FF149000D0A05E /* PuzzleMonarch */ = {
			isa = PBXNativeTarget;
			buildConfigurationList = 00692BF514FF149000D0A05E /* Build configuration list for PBXNativeTarget "PuzzleMonarch" */;
			buildPhases = (
				00692BCB14FF149000D0A05E /* Sources */,
				00692BCC14FF149000D0A05E /* Frameworks */,
				47979CB9210EE69200F54AA1 /* ShellScript */,
				00692BCD14FF149000D0A05E /* Resources */,
				47979CBA210EE6B200F54AA1 /* ShellScript */,
			);
			buildRules = (
			);
			dependencies = (
			);
			name = PuzzleMonarch;
			productName = ApprenticeMonarch;
			productReference = 00692BCF14FF149000D0A05E /* PuzzleMonarch.app */;
			productType = "com.apple.product-type.application";
		};
/* End PBXNativeTarget section */

/* Begin PBXProject section */
		00692BC614FF149000D0A05E /* Project object */ = {
			isa = PBXProject;
			attributes = {
				TargetAttributes = {
					00692BCE14FF149000D0A05E = {
						DevelopmentTeam = 4Y46LA3FF9;
						ProvisioningStyle = Automatic;
						SystemCapabilities = {
							com.apple.GameCenter = {
								enabled = 0;
							};
							com.apple.GameCenter.iOS = {
								enabled = 1;
							};
							com.apple.InAppPurchase = {
								enabled = 1;
							};
						};
					};
				};
			};
			buildConfigurationList = 00692BC914FF149000D0A05E /* Build configuration list for PBXProject "PuzzleMonarch" */;
			compatibilityVersion = "Xcode 3.2";
			developmentRegion = English;
			hasScannedForEncodings = 0;
			knownRegions = (
				en,
				ja,
			);
			mainGroup = 00692BC414FF149000D0A05E;
			productRefGroup = 00692BD014FF149000D0A05E /* Products */;
			projectDirPath = "";
			projectRoot = "";
			targets = (
				00692BCE14FF149000D0A05E /* PuzzleMonarch */,
			);
		};
/* End PBXProject section */

/* Begin PBXResourcesBuildPhase section */
		00692BCD14FF149000D0A05E /* Resources */ = {
			isa = PBXResourcesBuildPhase;
			buildActionMask = 2147483647;
			files = (
				479658602160EB65005C22F9 /* Localizable.strings in Resources */,
				00748058165D41390024B57A /* assets in Resources */,
				4796585A2160EB46005C22F9 /* InfoPlist.strings in Resources */,
				8FA538F2FD744747970E9EF1 /* Images.xcassets in Resources */,
				4A87E5FC4BF545F684E4E5FE /* LaunchScreen.xib in Resources */,
			);
			runOnlyForDeploymentPostprocessing = 0;
		};
/* End PBXResourcesBuildPhase section */

/* Begin PBXShellScriptBuildPhase section */
		47979CB9210EE69200F54AA1 /* ShellScript */ = {
			isa = PBXShellScriptBuildPhase;
			buildActionMask = 2147483647;
			files = (
			);
			inputPaths = (
			);
			outputPaths = (
			);
			runOnlyForDeploymentPostprocessing = 0;
			shellPath = /bin/sh;
			shellScript = "if [ \"${CONFIGURATION}\" = \"Release\" ] || [ \"${CONFIGURATION}\" = \"Distribution\" ]; then\n/Users/nishi/src/CinderProjects/PuzzleMonarch/tools/prebuild.sh\nfi\n";
		};
		47979CBA210EE6B200F54AA1 /* ShellScript */ = {
			isa = PBXShellScriptBuildPhase;
			buildActionMask = 2147483647;
			files = (
			);
			inputPaths = (
			);
			outputPaths = (
			);
			runOnlyForDeploymentPostprocessing = 0;
			shellPath = /bin/sh;
			shellScript = "if [ \"${CONFIGURATION}\" = \"Release\" ] || [ \"${CONFIGURATION}\" = \"Distribution\" ]; then\n/Users/nishi/src/CinderProjects/PuzzleMonarch/tools/postbuild.sh\nfi\n";
		};
/* End PBXShellScriptBuildPhase section */

/* Begin PBXSourcesBuildPhase section */
		00692BCB14FF149000D0A05E /* Sources */ = {
			isa = PBXSourcesBuildPhase;
			buildActionMask = 2147483647;
			files = (
				47A8AD59218453B100F25EF6 /* SafeArea.mm in Sources */,
				47E542862003933D0002BD5F /* Framework.cpp in Sources */,
				472CB8DD20FD9711007481E6 /* PurchaseDelegate.mm in Sources */,
				47E3D938203F20CD00275D6D /* AudioSession.mm in Sources */,
				47EF72EB2043D228002900CF /* Capture.mm in Sources */,
				47E542872003933D0002BD5F /* MyApp.cpp in Sources */,
				479022C621608C43000B47A6 /* OsMac.mm in Sources */,
				472CB8DC20FD9711007481E6 /* DCInAppPurchase.mm in Sources */,
				47EF72E32043BEF8002900CF /* Share.mm in Sources */,
				47A6E5562045C4C200AC0CA3 /* TextCodec.cpp in Sources */,
				472681E120CCFCCF00CE1BE0 /* GameCenter.mm in Sources */,
			);
			runOnlyForDeploymentPostprocessing = 0;
		};
/* End PBXSourcesBuildPhase section */

/* Begin PBXVariantGroup section */
		479658582160EB46005C22F9 /* InfoPlist.strings */ = {
			isa = PBXVariantGroup;
			children = (
				479658592160EB46005C22F9 /* en */,
				4796585B2160EB4E005C22F9 /* ja */,
			);
			name = InfoPlist.strings;
			sourceTree = "<group>";
		};
		4796585E2160EB64005C22F9 /* Localizable.strings */ = {
			isa = PBXVariantGroup;
			children = (
				4796585F2160EB64005C22F9 /* en */,
				479658612160EB6B005C22F9 /* ja */,
			);
			name = Localizable.strings;
			sourceTree = "<group>";
		};
/* End PBXVariantGroup section */

/* Begin XCBuildConfiguration section */
		00692BF314FF149000D0A05E /* Debug */ = {
			isa = XCBuildConfiguration;
			buildSettings = {
				ALWAYS_SEARCH_USER_PATHS = NO;
				ARCHS = "$(ARCHS_STANDARD_64_BIT)";
				ASSETCATALOG_COMPILER_LAUNCHIMAGE_NAME = LaunchImage;
				CINDER_PATH = "../../Cinder-0.9.1";
				CLANG_ANALYZER_LOCALIZABILITY_NONLOCALIZED = YES;
				CLANG_CXX_LANGUAGE_STANDARD = "c++14";
				CLANG_CXX_LIBRARY = "libc++";
				CLANG_WARN_INT_CONVERSION = YES;
				COPY_PHASE_STRIP = NO;
				DEAD_CODE_STRIPPING = YES;
				DEBUG_INFORMATION_FORMAT = dwarf;
				ENABLE_BITCODE = NO;
				GCC_FAST_MATH = YES;
				GCC_OPTIMIZATION_LEVEL = 0;
				GCC_PREPROCESSOR_DEFINITIONS = (
					"SRCROOT=\"$(SRCROOT)/\"",
					"PRODUCT_NAME=\"$(PRODUCT_NAME)\"",
				);
				GCC_SYMBOLS_PRIVATE_EXTERN = NO;
				GCC_WARN_ABOUT_RETURN_TYPE = YES;
				GCC_WARN_SHADOW = YES;
				GCC_WARN_UNINITIALIZED_AUTOS = YES;
				GCC_WARN_UNUSED_VARIABLE = YES;
				HEADER_SEARCH_PATHS = "\"$(CINDER_PATH)/include\"";
				IPHONEOS_DEPLOYMENT_TARGET = 9.3;
				ONLY_ACTIVE_ARCH = YES;
				SDKROOT = iphoneos;
				TARGETED_DEVICE_FAMILY = "1,2";
				USER_HEADER_SEARCH_PATHS = ../include;
			};
			name = Debug;
		};
		00692BF414FF149000D0A05E /* Release */ = {
			isa = XCBuildConfiguration;
			buildSettings = {
				ALWAYS_SEARCH_USER_PATHS = NO;
				ARCHS = "$(ARCHS_STANDARD_64_BIT)";
				ASSETCATALOG_COMPILER_LAUNCHIMAGE_NAME = LaunchImage;
				CINDER_PATH = "../../Cinder-0.9.1";
				CLANG_ANALYZER_LOCALIZABILITY_NONLOCALIZED = YES;
				CLANG_CXX_LANGUAGE_STANDARD = "c++14";
				CLANG_CXX_LIBRARY = "libc++";
				CLANG_WARN_INT_CONVERSION = YES;
				CLANG_WARN_UNREACHABLE_CODE = YES;
				COPY_PHASE_STRIP = NO;
				DEAD_CODE_STRIPPING = YES;
				ENABLE_BITCODE = NO;
				GCC_FAST_MATH = YES;
				GCC_OPTIMIZATION_LEVEL = s;
				GCC_PREPROCESSOR_DEFINITIONS = (
					"SRCROOT=\"$(SRCROOT)/\"",
					"PRODUCT_NAME=\"$(PRODUCT_NAME)\"",
				);
				GCC_WARN_ABOUT_RETURN_TYPE = YES;
				GCC_WARN_SHADOW = YES;
				GCC_WARN_UNINITIALIZED_AUTOS = YES;
				GCC_WARN_UNUSED_VARIABLE = YES;
				HEADER_SEARCH_PATHS = "\"$(CINDER_PATH)/include\"";
				IPHONEOS_DEPLOYMENT_TARGET = 9.3;
				LLVM_LTO = YES;
				ONLY_ACTIVE_ARCH = YES;
				OTHER_CFLAGS = "-DNS_BLOCK_ASSERTIONS=1";
				SDKROOT = iphoneos;
				TARGETED_DEVICE_FAMILY = "1,2";
				USER_HEADER_SEARCH_PATHS = ../include;
				VALIDATE_PRODUCT = YES;
			};
			name = Release;
		};
		00692BF614FF149000D0A05E /* Debug */ = {
			isa = XCBuildConfiguration;
			buildSettings = {
				ASSETCATALOG_COMPILER_APPICON_NAME = AppIcon;
				CODE_SIGN_IDENTITY = "iPhone Developer";
				CODE_SIGN_STYLE = Automatic;
				DEVELOPMENT_TEAM = "";
				GCC_PRECOMPILE_PREFIX_HEADER = YES;
				GCC_PREFIX_HEADER = PuzzleMonarch_Prefix.pch;
				GCC_PREPROCESSOR_DEFINITIONS = (
					"SRCROOT=\"$(SRCROOT)/\"",
					"PRODUCT_NAME=\"$(PRODUCT_NAME)\"",
					"DEBUG=1",
				);
				GCC_SYMBOLS_PRIVATE_EXTERN = NO;
				INFOPLIST_FILE = Info.plist;
				"OTHER_LDFLAGS[sdk=iphoneos*][arch=*]" = (
					"\"$(CINDER_PATH)/lib/ios/$(CONFIGURATION)/libcinder.a\"",
					"-lz",
					"\"$(CINDER_PATH)/lib/ios/libboost_filesystem.a\"",
					"\"$(CINDER_PATH)/lib/ios/libboost_system.a\"",
				);
				"OTHER_LDFLAGS[sdk=iphonesimulator*][arch=*]" = (
					"\"$(CINDER_PATH)/lib/ios-sim/$(CONFIGURATION)/libcinder.a\"",
					"-lz",
					"\"$(CINDER_PATH)/lib/ios-sim/libboost_filesystem.a\"",
					"\"$(CINDER_PATH)/lib/ios-sim/libboost_system.a\"",
				);
				PRODUCT_BUNDLE_IDENTIFIER = com.ngs.PuzzleMonarch;
				PRODUCT_NAME = "$(TARGET_NAME)";
				PROVISIONING_PROFILE_SPECIFIER = "";
				WRAPPER_EXTENSION = app;
			};
			name = Debug;
		};
		00692BF714FF149000D0A05E /* Release */ = {
			isa = XCBuildConfiguration;
			buildSettings = {
				ASSETCATALOG_COMPILER_APPICON_NAME = AppIcon;
				CODE_SIGN_IDENTITY = "iPhone Developer";
				CODE_SIGN_STYLE = Automatic;
				DEVELOPMENT_TEAM = "";
				GCC_PRECOMPILE_PREFIX_HEADER = YES;
				GCC_PREFIX_HEADER = PuzzleMonarch_Prefix.pch;
				GCC_PREPROCESSOR_DEFINITIONS = (
					"SRCROOT=\"$(SRCROOT)/\"",
					"PRODUCT_NAME=\"$(PRODUCT_NAME)\"",
					"NDEBUG=1",
				);
				GCC_SYMBOLS_PRIVATE_EXTERN = NO;
				INFOPLIST_FILE = Info.plist;
				"OTHER_LDFLAGS[sdk=iphoneos*][arch=*]" = (
					"\"$(CINDER_PATH)/lib/ios/$(CONFIGURATION)/libcinder.a\"",
					"-lz",
					"\"$(CINDER_PATH)/lib/ios/libboost_filesystem.a\"",
					"\"$(CINDER_PATH)/lib/ios/libboost_system.a\"",
				);
				"OTHER_LDFLAGS[sdk=iphonesimulator*][arch=*]" = (
					"\"$(CINDER_PATH)/lib/ios-sim/$(CONFIGURATION)/libcinder.a\"",
					"-lz",
					"\"$(CINDER_PATH)/lib/ios-sim/libboost_filesystem.a\"",
					"\"$(CINDER_PATH)/lib/ios-sim/libboost_system.a\"",
				);
				PRODUCT_BUNDLE_IDENTIFIER = com.ngs.PuzzleMonarch;
				PRODUCT_NAME = "$(TARGET_NAME)";
				PROVISIONING_PROFILE_SPECIFIER = "";
				WRAPPER_EXTENSION = app;
			};
			name = Release;
		};
		4740133A20CCF2CF0053D05D /* Distribution */ = {
			isa = XCBuildConfiguration;
			buildSettings = {
				ALWAYS_SEARCH_USER_PATHS = NO;
				ARCHS = "$(ARCHS_STANDARD_64_BIT)";
				ASSETCATALOG_COMPILER_LAUNCHIMAGE_NAME = LaunchImage;
				CINDER_PATH = "../../Cinder-0.9.1";
				CLANG_ANALYZER_LOCALIZABILITY_NONLOCALIZED = YES;
				CLANG_CXX_LANGUAGE_STANDARD = "c++14";
				CLANG_CXX_LIBRARY = "libc++";
				CLANG_WARN_INT_CONVERSION = YES;
				CLANG_WARN_UNREACHABLE_CODE = YES;
				COPY_PHASE_STRIP = NO;
				DEAD_CODE_STRIPPING = YES;
				ENABLE_BITCODE = YES;
				GCC_FAST_MATH = YES;
				GCC_OPTIMIZATION_LEVEL = s;
				GCC_PREPROCESSOR_DEFINITIONS = (
					"SRCROOT=\"$(SRCROOT)/\"",
					"PRODUCT_NAME=\"$(PRODUCT_NAME)\"",
				);
				GCC_WARN_ABOUT_RETURN_TYPE = YES;
				GCC_WARN_SHADOW = YES;
				GCC_WARN_UNINITIALIZED_AUTOS = YES;
				GCC_WARN_UNUSED_VARIABLE = YES;
				HEADER_SEARCH_PATHS = "\"$(CINDER_PATH)/include\"";
				IPHONEOS_DEPLOYMENT_TARGET = 9.3;
				LLVM_LTO = YES;
				ONLY_ACTIVE_ARCH = YES;
				OTHER_CFLAGS = "-DNS_BLOCK_ASSERTIONS=1";
				SDKROOT = iphoneos;
				TARGETED_DEVICE_FAMILY = "1,2";
				USER_HEADER_SEARCH_PATHS = ../include;
				VALIDATE_PRODUCT = YES;
			};
			name = Distribution;
		};
		4740133B20CCF2CF0053D05D /* Distribution */ = {
			isa = XCBuildConfiguration;
			buildSettings = {
				ASSETCATALOG_COMPILER_APPICON_NAME = AppIcon;
				CODE_SIGN_IDENTITY = "iPhone Distribution";
				CODE_SIGN_STYLE = Manual;
				DEVELOPMENT_TEAM = 4Y46LA3FF9;
				GCC_PRECOMPILE_PREFIX_HEADER = YES;
				GCC_PREFIX_HEADER = PuzzleMonarch_Prefix.pch;
				GCC_PREPROCESSOR_DEFINITIONS = (
					"SRCROOT=\"$(SRCROOT)/\"",
					"PRODUCT_NAME=\"$(PRODUCT_NAME)\"",
					"NDEBUG=1",
				);
				GCC_SYMBOLS_PRIVATE_EXTERN = NO;
				INFOPLIST_FILE = Info.plist;
				"OTHER_LDFLAGS[sdk=iphoneos*][arch=*]" = (
					"\"$(CINDER_PATH)/lib/ios/Release/libcinder.a\"",
					"-lz",
					"\"$(CINDER_PATH)/lib/ios/libboost_filesystem.a\"",
					"\"$(CINDER_PATH)/lib/ios/libboost_system.a\"",
				);
				"OTHER_LDFLAGS[sdk=iphonesimulator*][arch=*]" = (
					"\"$(CINDER_PATH)/lib/ios-sim/Release/libcinder.a\"",
					"-lz",
					"\"$(CINDER_PATH)/lib/ios-sim/libboost_filesystem.a\"",
					"\"$(CINDER_PATH)/lib/ios-sim/libboost_system.a\"",
				);
				PRODUCT_BUNDLE_IDENTIFIER = com.ngs.PuzzleMonarch;
				PRODUCT_NAME = "$(TARGET_NAME)";
				PROVISIONING_PROFILE = "e9db2c06-5ad2-448b-9942-21158f33b822";
				PROVISIONING_PROFILE_SPECIFIER = PuzzleMonarchDistribution;
				WRAPPER_EXTENSION = app;
			};
			name = Distribution;
		};
/* End XCBuildConfiguration section */

/* Begin XCConfigurationList section */
		00692BC914FF149000D0A05E /* Build configuration list for PBXProject "PuzzleMonarch" */ = {
			isa = XCConfigurationList;
			buildConfigurations = (
				00692BF314FF149000D0A05E /* Debug */,
				00692BF414FF149000D0A05E /* Release */,
				4740133A20CCF2CF0053D05D /* Distribution */,
			);
			defaultConfigurationIsVisible = 0;
			defaultConfigurationName = Release;
		};
		00692BF514FF149000D0A05E /* Build configuration list for PBXNativeTarget "PuzzleMonarch" */ = {
			isa = XCConfigurationList;
			buildConfigurations = (
				00692BF614FF149000D0A05E /* Debug */,
				00692BF714FF149000D0A05E /* Release */,
				4740133B20CCF2CF0053D05D /* Distribution */,
			);
			defaultConfigurationIsVisible = 0;
			defaultConfigurationName = Release;
		};
/* End XCConfigurationList section */
	};
	rootObject = 00692BC614FF149000D0A05E /* Project object */;
}
